
Microsoft Visual Studio Solution File, Format Version 12.00
# Visual Studio 14
VisualStudioVersion = 14.0.25420.1
MinimumVisualStudioVersion = 10.0.40219.1
Project("{FAE04EC0-301F-11D3-BF4B-00C04F79EFBC}") = "VisualDSC", "ExtendedVisioAddin1\ExtendedVisioAddin1\VisualDSC.csproj", "{F523E85F-5745-40FB-BAD7-27782F1E884E}"
EndProject
Project("{930C7802-8A8C-48F9-8165-68863BCCD9DD}") = "Setup", "ExtendedVisioAddin1\Setup\Setup.wixproj", "{98F825B5-5A01-46A5-B32E-2AC150699827}"
EndProject
Global
	GlobalSection(SolutionConfigurationPlatforms) = preSolution
		Debug|Any CPU = Debug|Any CPU
		Debug|x86 = Debug|x86
		Release|Any CPU = Release|Any CPU
		Release|x86 = Release|x86
	EndGlobalSection
	GlobalSection(ProjectConfigurationPlatforms) = postSolution
		{F523E85F-5745-40FB-BAD7-27782F1E884E}.Debug|Any CPU.ActiveCfg = Debug|Any CPU
		{F523E85F-5745-40FB-BAD7-27782F1E884E}.Debug|Any CPU.Build.0 = Debug|Any CPU
		{F523E85F-5745-40FB-BAD7-27782F1E884E}.Debug|x86.ActiveCfg = Debug|Any CPU
		{F523E85F-5745-40FB-BAD7-27782F1E884E}.Debug|x86.Build.0 = Debug|Any CPU
		{F523E85F-5745-40FB-BAD7-27782F1E884E}.Release|Any CPU.ActiveCfg = Release|Any CPU
		{F523E85F-5745-40FB-BAD7-27782F1E884E}.Release|Any CPU.Build.0 = Release|Any CPU
		{F523E85F-5745-40FB-BAD7-27782F1E884E}.Release|x86.ActiveCfg = Release|Any CPU
		{F523E85F-5745-40FB-BAD7-27782F1E884E}.Release|x86.Build.0 = Release|Any CPU
		{98F825B5-5A01-46A5-B32E-2AC150699827}.Debug|Any CPU.ActiveCfg = Debug|x86
		{98F825B5-5A01-46A5-B32E-2AC150699827}.Debug|Any CPU.Build.0 = Debug|x86
		{98F825B5-5A01-46A5-B32E-2AC150699827}.Debug|x86.ActiveCfg = Debug|x86
		{98F825B5-5A01-46A5-B32E-2AC150699827}.Debug|x86.Build.0 = Debug|x86
		{98F825B5-5A01-46A5-B32E-2AC150699827}.Release|Any CPU.ActiveCfg = Release|x86
		{98F825B5-5A01-46A5-B32E-2AC150699827}.Release|x86.ActiveCfg = Release|x86
		{98F825B5-5A01-46A5-B32E-2AC150699827}.Release|x86.Build.0 = Release|x86
	EndGlobalSection
	GlobalSection(SolutionProperties) = preSolution
		HideSolutionNode = FALSE
	EndGlobalSection
	GlobalSection(TeamFoundationVersionControl) = preSolution
		SccNumberOfProjects = 3
		SccEnterpriseProvider = {4CA58AB2-18FA-4F8D-95D4-32DDF27D184C}
		SccTeamFoundationServer = https://nikcharleboispfe.visualstudio.com/
		SccProjectUniqueName0 = ExtendedVisioAddin1\\Setup\\Setup.wixproj
		SccProjectName0 = ExtendedVisioAddin1/Setup
		SccLocalPath0 = ExtendedVisioAddin1\\Setup
		SccProjectUniqueName1 = ExtendedVisioAddin1\\ExtendedVisioAddin1\\VisualDSC.csproj
		SccProjectName1 = ExtendedVisioAddin1/ExtendedVisioAddin1
		SccLocalPath1 = ExtendedVisioAddin1\\ExtendedVisioAddin1
		SccLocalPath2 = .
	EndGlobalSection
EndGlobal
